github.com/archnum/sdk.application v0.0.0-20241229121140-78eb4c40f350 h1:zYfeMf8lk+KmCr/pG2QlwRiK+FvSv+IIVXeX27J8IYY=
github.com/archnum/sdk.application v0.0.0-20241229121140-78eb4c40f350/go.mod h1:J2cDGKQVVo6T6nMQi0vmoV9l1fXAZIwjUMD1tvEjbNg=
github.com/archnum/sdk.base v0.0.0-20241229115926-3a568753e137 h1:4pVkO4Nk/zdYiiqKbthhT4v/Qje6M/rJLmaSKtYRTis=
github.com/archnum/sdk.base v0.0.0-20241229115926-3a568753e137/go.mod h1:h5+FkrHpSTmuatLr4efkSIUh7hldsT+BNy7OHKo1ZNk=
github.com/coreos/go-systemd/v22 v22.5.0 h1:RrqgGjYQKalulkV8NGVIfkXQf6YYmOyiJKk8iXXhfZs=
github.com/coreos/go-systemd/v22 v22.5.0/go.mod h1:Y58oyj3AT4RCenI/lSvhwexgC+NSVTIJ3seZv2GcEnc=
github.com/godbus/dbus/v5 v5.0.4/go.mod h1:xhWf0FNVPg57R7Z0UbKHbJfkEywrmjJnf7w5xrFpKfA=
